
Microsoft Visual Studio Solution File, Format Version 12.00
# Visual Studio Version 17
VisualStudioVersion = 17.4.33213.308
MinimumVisualStudioVersion = 10.0.40219.1
Project("{9A19103F-16F7-4668-BE54-9A1E7A4F7556}") = "SP 8 (lab 1)", "SP 8\SP 8 (lab 1).csproj", "{1E2E6BAB-4F45-4E1F-BFF9-846549EFC52F}"
EndProject
Project("{9A19103F-16F7-4668-BE54-9A1E7A4F7556}") = "SP 8 (lab 2)", "SP 8 (lab-dz 2)\SP 8 (lab 2).csproj", "{4F595FCE-7748-4134-94E1-10E37524149F}"
EndProject
Project("{9A19103F-16F7-4668-BE54-9A1E7A4F7556}") = "SP 8 (lab 5)", "ConsoleApp1\SP 8 (lab 5).csproj", "{097F085E-0D99-48F0-88BB-7F5C6C0391EF}"
EndProject
Project("{9A19103F-16F7-4668-BE54-9A1E7A4F7556}") = "SP 8 (lab 4)", "SP 8 (lab-dz 3)\SP 8 (lab 4).csproj", "{361D8997-2791-4246-BD2E-134811F003B5}"
EndProject
Project("{FAE04EC0-301F-11D3-BF4B-00C04F79EFBC}") = "SP 8 (dz 1)", "SP 8 (dz 1)\SP 8 (dz 1).csproj", "{3DDE7CFF-E803-45D2-9007-BBCA1A21B522}"
EndProject
Global
	GlobalSection(SolutionConfigurationPlatforms) = preSolution
		Debug|Any CPU = Debug|Any CPU
		Release|Any CPU = Release|Any CPU
	EndGlobalSection
	GlobalSection(ProjectConfigurationPlatforms) = postSolution
		{1E2E6BAB-4F45-4E1F-BFF9-846549EFC52F}.Debug|Any CPU.ActiveCfg = Debug|Any CPU
		{1E2E6BAB-4F45-4E1F-BFF9-846549EFC52F}.Debug|Any CPU.Build.0 = Debug|Any CPU
		{1E2E6BAB-4F45-4E1F-BFF9-846549EFC52F}.Release|Any CPU.ActiveCfg = Release|Any CPU
		{1E2E6BAB-4F45-4E1F-BFF9-846549EFC52F}.Release|Any CPU.Build.0 = Release|Any CPU
		{4F595FCE-7748-4134-94E1-10E37524149F}.Debug|Any CPU.ActiveCfg = Debug|Any CPU
		{4F595FCE-7748-4134-94E1-10E37524149F}.Debug|Any CPU.Build.0 = Debug|Any CPU
		{4F595FCE-7748-4134-94E1-10E37524149F}.Release|Any CPU.ActiveCfg = Release|Any CPU
		{4F595FCE-7748-4134-94E1-10E37524149F}.Release|Any CPU.Build.0 = Release|Any CPU
		{097F085E-0D99-48F0-88BB-7F5C6C0391EF}.Debug|Any CPU.ActiveCfg = Debug|Any CPU
		{097F085E-0D99-48F0-88BB-7F5C6C0391EF}.Debug|Any CPU.Build.0 = Debug|Any CPU
		{097F085E-0D99-48F0-88BB-7F5C6C0391EF}.Release|Any CPU.ActiveCfg = Release|Any CPU
		{097F085E-0D99-48F0-88BB-7F5C6C0391EF}.Release|Any CPU.Build.0 = Release|Any CPU
		{361D8997-2791-4246-BD2E-134811F003B5}.Debug|Any CPU.ActiveCfg = Debug|Any CPU
		{361D8997-2791-4246-BD2E-134811F003B5}.Debug|Any CPU.Build.0 = Debug|Any CPU
		{361D8997-2791-4246-BD2E-134811F003B5}.Release|Any CPU.ActiveCfg = Release|Any CPU
		{361D8997-2791-4246-BD2E-134811F003B5}.Release|Any CPU.Build.0 = Release|Any CPU
		{3DDE7CFF-E803-45D2-9007-BBCA1A21B522}.Debug|Any CPU.ActiveCfg = Debug|Any CPU
		{3DDE7CFF-E803-45D2-9007-BBCA1A21B522}.Debug|Any CPU.Build.0 = Debug|Any CPU
		{3DDE7CFF-E803-45D2-9007-BBCA1A21B522}.Release|Any CPU.ActiveCfg = Release|Any CPU
		{3DDE7CFF-E803-45D2-9007-BBCA1A21B522}.Release|Any CPU.Build.0 = Release|Any CPU
	EndGlobalSection
	GlobalSection(SolutionProperties) = preSolution
		HideSolutionNode = FALSE
	EndGlobalSection
	GlobalSection(ExtensibilityGlobals) = postSolution
		SolutionGuid = {C2BC83F1-D4ED-4CA8-8AF4-C0FA47F0CACF}
	EndGlobalSection
EndGlobal
