
Microsoft Visual Studio Solution File, Format Version 12.00
# Visual Studio Version 17
VisualStudioVersion = 17.7.34003.232
MinimumVisualStudioVersion = 10.0.40219.1
Project("{FAE04EC0-301F-11D3-BF4B-00C04F79EFBC}") = "ASP.NET Core 2 HomeWork", "ASP.NET Core 2 HomeWork\ASP.NET Core 2 HomeWork.csproj", "{DA96F528-E40E-4F15-80C5-94C047E3D336}"
EndProject
Global
	GlobalSection(SolutionConfigurationPlatforms) = preSolution
		Debug|Any CPU = Debug|Any CPU
		Release|Any CPU = Release|Any CPU
	EndGlobalSection
	GlobalSection(ProjectConfigurationPlatforms) = postSolution
		{DA96F528-E40E-4F15-80C5-94C047E3D336}.Debug|Any CPU.ActiveCfg = Debug|Any CPU
		{DA96F528-E40E-4F15-80C5-94C047E3D336}.Debug|Any CPU.Build.0 = Debug|Any CPU
		{DA96F528-E40E-4F15-80C5-94C047E3D336}.Release|Any CPU.ActiveCfg = Release|Any CPU
		{DA96F528-E40E-4F15-80C5-94C047E3D336}.Release|Any CPU.Build.0 = Release|Any CPU
	EndGlobalSection
	GlobalSection(SolutionProperties) = preSolution
		HideSolutionNode = FALSE
	EndGlobalSection
	GlobalSection(ExtensibilityGlobals) = postSolution
		SolutionGuid = {45560669-1D25-45E9-9A7E-44B4328A1C75}
	EndGlobalSection
EndGlobal
