
Microsoft Visual Studio Solution File, Format Version 12.00
# Visual Studio Version 17
VisualStudioVersion = 17.4.33213.308
MinimumVisualStudioVersion = 10.0.40219.1
Project("{9A19103F-16F7-4668-BE54-9A1E7A4F7556}") = "SP 6", "SP 6\SP 6.csproj", "{97364071-2054-4D75-8AE7-F0DA7B1E43DE}"
EndProject
Project("{9A19103F-16F7-4668-BE54-9A1E7A4F7556}") = "SP 6 (lab-dz 1)", "SP 6 (lab-dz 1)\SP 6 (lab-dz 1).csproj", "{3EA985EE-0AE7-44F1-BB62-A8E52852B5C8}"
EndProject
Project("{9A19103F-16F7-4668-BE54-9A1E7A4F7556}") = "SP 6 (lab-dz 2)", "SP 6 (lab-dz 2)\SP 6 (lab-dz 2).csproj", "{1FA86139-54F5-400B-9EEF-CA2A1A2284AD}"
EndProject
Project("{FAE04EC0-301F-11D3-BF4B-00C04F79EFBC}") = "SP 6 (lab-dz 3)", "SP 6 (lab-dz 3)\SP 6 (lab-dz 3).csproj", "{111783CB-3342-4C65-BD9E-18FDD675239D}"
EndProject
Global
	GlobalSection(SolutionConfigurationPlatforms) = preSolution
		Debug|Any CPU = Debug|Any CPU
		Release|Any CPU = Release|Any CPU
	EndGlobalSection
	GlobalSection(ProjectConfigurationPlatforms) = postSolution
		{97364071-2054-4D75-8AE7-F0DA7B1E43DE}.Debug|Any CPU.ActiveCfg = Debug|Any CPU
		{97364071-2054-4D75-8AE7-F0DA7B1E43DE}.Debug|Any CPU.Build.0 = Debug|Any CPU
		{97364071-2054-4D75-8AE7-F0DA7B1E43DE}.Release|Any CPU.ActiveCfg = Release|Any CPU
		{97364071-2054-4D75-8AE7-F0DA7B1E43DE}.Release|Any CPU.Build.0 = Release|Any CPU
		{3EA985EE-0AE7-44F1-BB62-A8E52852B5C8}.Debug|Any CPU.ActiveCfg = Debug|Any CPU
		{3EA985EE-0AE7-44F1-BB62-A8E52852B5C8}.Debug|Any CPU.Build.0 = Debug|Any CPU
		{3EA985EE-0AE7-44F1-BB62-A8E52852B5C8}.Release|Any CPU.ActiveCfg = Release|Any CPU
		{3EA985EE-0AE7-44F1-BB62-A8E52852B5C8}.Release|Any CPU.Build.0 = Release|Any CPU
		{1FA86139-54F5-400B-9EEF-CA2A1A2284AD}.Debug|Any CPU.ActiveCfg = Debug|Any CPU
		{1FA86139-54F5-400B-9EEF-CA2A1A2284AD}.Debug|Any CPU.Build.0 = Debug|Any CPU
		{1FA86139-54F5-400B-9EEF-CA2A1A2284AD}.Release|Any CPU.ActiveCfg = Release|Any CPU
		{1FA86139-54F5-400B-9EEF-CA2A1A2284AD}.Release|Any CPU.Build.0 = Release|Any CPU
		{111783CB-3342-4C65-BD9E-18FDD675239D}.Debug|Any CPU.ActiveCfg = Debug|Any CPU
		{111783CB-3342-4C65-BD9E-18FDD675239D}.Debug|Any CPU.Build.0 = Debug|Any CPU
		{111783CB-3342-4C65-BD9E-18FDD675239D}.Release|Any CPU.ActiveCfg = Release|Any CPU
		{111783CB-3342-4C65-BD9E-18FDD675239D}.Release|Any CPU.Build.0 = Release|Any CPU
	EndGlobalSection
	GlobalSection(SolutionProperties) = preSolution
		HideSolutionNode = FALSE
	EndGlobalSection
	GlobalSection(ExtensibilityGlobals) = postSolution
		SolutionGuid = {4D27A3C2-4435-46CC-A721-22AFE20FA73D}
	EndGlobalSection
EndGlobal
