
Microsoft Visual Studio Solution File, Format Version 12.00
# Visual Studio Version 17
VisualStudioVersion = 17.4.33213.308
MinimumVisualStudioVersion = 10.0.40219.1
Project("{FAE04EC0-301F-11D3-BF4B-00C04F79EFBC}") = "ChainOfResponsibility", "ChainOfResponsibility\ChainOfResponsibility.csproj", "{40E076C3-DF24-4CF6-8AD1-1CED4797A8D9}"
EndProject
Project("{FAE04EC0-301F-11D3-BF4B-00C04F79EFBC}") = "ChainOfResponsibilityClasses", "ChainOfResponsibilityClasses\ChainOfResponsibilityClasses.csproj", "{5A66B677-5548-405F-B309-C9E2DA2D20C2}"
EndProject
Global
	GlobalSection(SolutionConfigurationPlatforms) = preSolution
		Debug|Any CPU = Debug|Any CPU
		Release|Any CPU = Release|Any CPU
	EndGlobalSection
	GlobalSection(ProjectConfigurationPlatforms) = postSolution
		{40E076C3-DF24-4CF6-8AD1-1CED4797A8D9}.Debug|Any CPU.ActiveCfg = Debug|Any CPU
		{40E076C3-DF24-4CF6-8AD1-1CED4797A8D9}.Debug|Any CPU.Build.0 = Debug|Any CPU
		{40E076C3-DF24-4CF6-8AD1-1CED4797A8D9}.Release|Any CPU.ActiveCfg = Release|Any CPU
		{40E076C3-DF24-4CF6-8AD1-1CED4797A8D9}.Release|Any CPU.Build.0 = Release|Any CPU
		{5A66B677-5548-405F-B309-C9E2DA2D20C2}.Debug|Any CPU.ActiveCfg = Debug|Any CPU
		{5A66B677-5548-405F-B309-C9E2DA2D20C2}.Debug|Any CPU.Build.0 = Debug|Any CPU
		{5A66B677-5548-405F-B309-C9E2DA2D20C2}.Release|Any CPU.ActiveCfg = Release|Any CPU
		{5A66B677-5548-405F-B309-C9E2DA2D20C2}.Release|Any CPU.Build.0 = Release|Any CPU
	EndGlobalSection
	GlobalSection(SolutionProperties) = preSolution
		HideSolutionNode = FALSE
	EndGlobalSection
	GlobalSection(ExtensibilityGlobals) = postSolution
		SolutionGuid = {F557322E-FAF8-42ED-99CA-B198A8C84DA7}
	EndGlobalSection
EndGlobal
