
Microsoft Visual Studio Solution File, Format Version 12.00
# Visual Studio Version 17
VisualStudioVersion = 17.4.33213.308
MinimumVisualStudioVersion = 10.0.40219.1
Project("{FAE04EC0-301F-11D3-BF4B-00C04F79EFBC}") = "NP 3 + ADO.NET (dz) value work", "NP 3 + ADO.NET (dz) value work\NP 3 + ADO.NET (dz) value work.csproj", "{8EF28B29-AB4C-4103-942B-684B7A27B5B2}"
EndProject
Global
	GlobalSection(SolutionConfigurationPlatforms) = preSolution
		Debug|Any CPU = Debug|Any CPU
		Release|Any CPU = Release|Any CPU
	EndGlobalSection
	GlobalSection(ProjectConfigurationPlatforms) = postSolution
		{8EF28B29-AB4C-4103-942B-684B7A27B5B2}.Debug|Any CPU.ActiveCfg = Debug|Any CPU
		{8EF28B29-AB4C-4103-942B-684B7A27B5B2}.Debug|Any CPU.Build.0 = Debug|Any CPU
		{8EF28B29-AB4C-4103-942B-684B7A27B5B2}.Release|Any CPU.ActiveCfg = Release|Any CPU
		{8EF28B29-AB4C-4103-942B-684B7A27B5B2}.Release|Any CPU.Build.0 = Release|Any CPU
	EndGlobalSection
	GlobalSection(SolutionProperties) = preSolution
		HideSolutionNode = FALSE
	EndGlobalSection
	GlobalSection(ExtensibilityGlobals) = postSolution
		SolutionGuid = {C09DFBF0-F350-4E84-91B5-76976C6F09C1}
	EndGlobalSection
EndGlobal
