
Microsoft Visual Studio Solution File, Format Version 12.00
# Visual Studio Version 17
VisualStudioVersion = 17.1.32328.378
MinimumVisualStudioVersion = 10.0.40219.1
Project("{FAE04EC0-301F-11D3-BF4B-00C04F79EFBC}") = "WinFormsApp13", "WinFormsApp13\WinFormsApp13.csproj", "{A75DC7D1-38B2-4D25-9622-B18130049D27}"
EndProject
Global
	GlobalSection(SolutionConfigurationPlatforms) = preSolution
		Debug|Any CPU = Debug|Any CPU
		Release|Any CPU = Release|Any CPU
	EndGlobalSection
	GlobalSection(ProjectConfigurationPlatforms) = postSolution
		{A75DC7D1-38B2-4D25-9622-B18130049D27}.Debug|Any CPU.ActiveCfg = Debug|Any CPU
		{A75DC7D1-38B2-4D25-9622-B18130049D27}.Debug|Any CPU.Build.0 = Debug|Any CPU
		{A75DC7D1-38B2-4D25-9622-B18130049D27}.Release|Any CPU.ActiveCfg = Release|Any CPU
		{A75DC7D1-38B2-4D25-9622-B18130049D27}.Release|Any CPU.Build.0 = Release|Any CPU
	EndGlobalSection
	GlobalSection(SolutionProperties) = preSolution
		HideSolutionNode = FALSE
	EndGlobalSection
	GlobalSection(ExtensibilityGlobals) = postSolution
		SolutionGuid = {36367911-743C-47E5-9899-BC581D584D91}
	EndGlobalSection
EndGlobal
