
Microsoft Visual Studio Solution File, Format Version 12.00
# Visual Studio Version 17
VisualStudioVersion = 17.4.33213.308
MinimumVisualStudioVersion = 10.0.40219.1
Project("{9A19103F-16F7-4668-BE54-9A1E7A4F7556}") = "CV (Fluent Builder)", "CV (Fluent Builder)\CV (Fluent Builder).csproj", "{A6FAA835-84CD-4189-9B5D-7D46018DA828}"
EndProject
Project("{FAE04EC0-301F-11D3-BF4B-00C04F79EFBC}") = "Employee", "Employee\Employee.csproj", "{3218E175-8D3E-4C11-9D72-1101BA878848}"
EndProject
Global
	GlobalSection(SolutionConfigurationPlatforms) = preSolution
		Debug|Any CPU = Debug|Any CPU
		Release|Any CPU = Release|Any CPU
	EndGlobalSection
	GlobalSection(ProjectConfigurationPlatforms) = postSolution
		{A6FAA835-84CD-4189-9B5D-7D46018DA828}.Debug|Any CPU.ActiveCfg = Debug|Any CPU
		{A6FAA835-84CD-4189-9B5D-7D46018DA828}.Debug|Any CPU.Build.0 = Debug|Any CPU
		{A6FAA835-84CD-4189-9B5D-7D46018DA828}.Release|Any CPU.ActiveCfg = Release|Any CPU
		{A6FAA835-84CD-4189-9B5D-7D46018DA828}.Release|Any CPU.Build.0 = Release|Any CPU
		{3218E175-8D3E-4C11-9D72-1101BA878848}.Debug|Any CPU.ActiveCfg = Debug|Any CPU
		{3218E175-8D3E-4C11-9D72-1101BA878848}.Debug|Any CPU.Build.0 = Debug|Any CPU
		{3218E175-8D3E-4C11-9D72-1101BA878848}.Release|Any CPU.ActiveCfg = Release|Any CPU
		{3218E175-8D3E-4C11-9D72-1101BA878848}.Release|Any CPU.Build.0 = Release|Any CPU
	EndGlobalSection
	GlobalSection(SolutionProperties) = preSolution
		HideSolutionNode = FALSE
	EndGlobalSection
	GlobalSection(ExtensibilityGlobals) = postSolution
		SolutionGuid = {F832671C-CFC7-405E-9C2C-1B41923D632B}
	EndGlobalSection
EndGlobal
