
Microsoft Visual Studio Solution File, Format Version 12.00
# Visual Studio Version 17
VisualStudioVersion = 17.7.34003.232
MinimumVisualStudioVersion = 10.0.40219.1
Project("{FAE04EC0-301F-11D3-BF4B-00C04F79EFBC}") = "ASP.NET Core 4 HomeWork", "ASP.NET Core 4 HomeWork\ASP.NET Core 4 HomeWork.csproj", "{0BB988FF-9B04-4280-9E48-BDC1EEB0892E}"
EndProject
Global
	GlobalSection(SolutionConfigurationPlatforms) = preSolution
		Debug|Any CPU = Debug|Any CPU
		Release|Any CPU = Release|Any CPU
	EndGlobalSection
	GlobalSection(ProjectConfigurationPlatforms) = postSolution
		{0BB988FF-9B04-4280-9E48-BDC1EEB0892E}.Debug|Any CPU.ActiveCfg = Debug|Any CPU
		{0BB988FF-9B04-4280-9E48-BDC1EEB0892E}.Debug|Any CPU.Build.0 = Debug|Any CPU
		{0BB988FF-9B04-4280-9E48-BDC1EEB0892E}.Release|Any CPU.ActiveCfg = Release|Any CPU
		{0BB988FF-9B04-4280-9E48-BDC1EEB0892E}.Release|Any CPU.Build.0 = Release|Any CPU
	EndGlobalSection
	GlobalSection(SolutionProperties) = preSolution
		HideSolutionNode = FALSE
	EndGlobalSection
	GlobalSection(ExtensibilityGlobals) = postSolution
		SolutionGuid = {CF2F50FC-AE51-4A19-A7E9-9157789B2C05}
	EndGlobalSection
EndGlobal
