
Microsoft Visual Studio Solution File, Format Version 12.00
# Visual Studio Version 17
VisualStudioVersion = 17.1.32328.378
MinimumVisualStudioVersion = 10.0.40219.1
Project("{FAE04EC0-301F-11D3-BF4B-00C04F79EFBC}") = "WpfApp10", "WpfApp10\WpfApp10.csproj", "{5F982BE3-C4FE-4CD4-B32D-0FCD404A0C68}"
EndProject
Global
	GlobalSection(SolutionConfigurationPlatforms) = preSolution
		Debug|Any CPU = Debug|Any CPU
		Release|Any CPU = Release|Any CPU
	EndGlobalSection
	GlobalSection(ProjectConfigurationPlatforms) = postSolution
		{5F982BE3-C4FE-4CD4-B32D-0FCD404A0C68}.Debug|Any CPU.ActiveCfg = Debug|Any CPU
		{5F982BE3-C4FE-4CD4-B32D-0FCD404A0C68}.Debug|Any CPU.Build.0 = Debug|Any CPU
		{5F982BE3-C4FE-4CD4-B32D-0FCD404A0C68}.Release|Any CPU.ActiveCfg = Release|Any CPU
		{5F982BE3-C4FE-4CD4-B32D-0FCD404A0C68}.Release|Any CPU.Build.0 = Release|Any CPU
	EndGlobalSection
	GlobalSection(SolutionProperties) = preSolution
		HideSolutionNode = FALSE
	EndGlobalSection
	GlobalSection(ExtensibilityGlobals) = postSolution
		SolutionGuid = {A6ED2D3D-5EBB-4B96-BE99-78424EF74D76}
	EndGlobalSection
EndGlobal
